{
  "version": 4,
  "terraform_version": "1.12.2",
  "serial": 15,
  "lineage": "78c1aa18-662f-e37f-fdf0-3d249d591b16",
  "outputs": {
    "joined_tags": {
      "value": {
        "0": "staging",
        "1": "staging",
        "2": "staging"
      },
      "type": [
        "object",
        {
          "0": "string",
          "1": "string",
          "2": "string"
        }
      ]
    },
    "vm_ids": {
      "value": [
        "/subscriptions/60010cf8-654e-4420-a108-0c794944ed4f/resourceGroups/tfvmex-resources/providers/Microsoft.Compute/virtualMachines/tfvmex-vm-0",
        "/subscriptions/60010cf8-654e-4420-a108-0c794944ed4f/resourceGroups/tfvmex-resources/providers/Microsoft.Compute/virtualMachines/tfvmex-vm-1",
        "/subscriptions/60010cf8-654e-4420-a108-0c794944ed4f/resourceGroups/tfvmex-resources/providers/Microsoft.Compute/virtualMachines/tfvmex-vm-2"
      ],
      "type": [
        "tuple",
        [
          "string",
          "string",
          "string"
        ]
      ]
    },
    "vm_name_to_uppercase": {
      "value": [
        "TFVMEX-VM-0",
        "TFVMEX-VM-1",
        "TFVMEX-VM-2"
      ],
      "type": [
        "tuple",
        [
          "string",
          "string",
          "string"
        ]
      ]
    }
  },
  "resources": [
    {
      "mode": "managed",
      "type": "azurerm_network_interface",
      "name": "main",
      "provider": "provider[\"registry.terraform.io/hashicorp/azurerm\"]",
      "instances": [
        {
          "index_key": "nic0",
          "schema_version": 0,
          "attributes": {
            "applied_dns_servers": [],
            "auxiliary_mode": "",
            "auxiliary_sku": "",
            "dns_servers": [],
            "edge_zone": "",
            "enable_accelerated_networking": false,
            "enable_ip_forwarding": false,
            "id": "/subscriptions/60010cf8-654e-4420-a108-0c794944ed4f/resourceGroups/tfvmex-resources/providers/Microsoft.Network/networkInterfaces/nic0",
            "internal_dns_name_label": "",
            "internal_domain_name_suffix": "s4gxcgtavjpe3bjdvjtwvj22jh.bx.internal.cloudapp.net",
            "ip_configuration": [
              {
                "gateway_load_balancer_frontend_ip_configuration_id": "",
                "name": "ipcfg-nic0",
                "primary": true,
                "private_ip_address": "10.0.2.5",
                "private_ip_address_allocation": "Dynamic",
                "private_ip_address_version": "IPv4",
                "public_ip_address_id": "",
                "subnet_id": "/subscriptions/60010cf8-654e-4420-a108-0c794944ed4f/resourceGroups/tfvmex-resources/providers/Microsoft.Network/virtualNetworks/tfvmex-network/subnets/internal"
              }
            ],
            "location": "eastus",
            "mac_address": "00-22-48-33-05-97",
            "name": "nic0",
            "private_ip_address": "10.0.2.5",
            "private_ip_addresses": [
              "10.0.2.5"
            ],
            "resource_group_name": "tfvmex-resources",
            "tags": {},
            "timeouts": null,
            "virtual_machine_id": "/subscriptions/60010cf8-654e-4420-a108-0c794944ed4f/resourceGroups/tfvmex-resources/providers/Microsoft.Compute/virtualMachines/tfvmex-vm-0"
          },
          "sensitive_attributes": [],
          "identity_schema_version": 0,
          "private": "eyJlMmJmYjczMC1lY2FhLTExZTYtOGY4OC0zNDM2M2JjN2M0YzAiOnsiY3JlYXRlIjoxODAwMDAwMDAwMDAwLCJkZWxldGUiOjE4MDAwMDAwMDAwMDAsInJlYWQiOjMwMDAwMDAwMDAwMCwidXBkYXRlIjoxODAwMDAwMDAwMDAwfX0=",
          "dependencies": [
            "azurerm_resource_group.example",
            "azurerm_subnet.internal",
            "azurerm_virtual_network.main"
          ]
        },
        {
          "index_key": "nic1",
          "schema_version": 0,
          "attributes": {
            "applied_dns_servers": [],
            "auxiliary_mode": "",
            "auxiliary_sku": "",
            "dns_servers": [],
            "edge_zone": "",
            "enable_accelerated_networking": false,
            "enable_ip_forwarding": false,
            "id": "/subscriptions/60010cf8-654e-4420-a108-0c794944ed4f/resourceGroups/tfvmex-resources/providers/Microsoft.Network/networkInterfaces/nic1",
            "internal_dns_name_label": "",
            "internal_domain_name_suffix": "s4gxcgtavjpe3bjdvjtwvj22jh.bx.internal.cloudapp.net",
            "ip_configuration": [
              {
                "gateway_load_balancer_frontend_ip_configuration_id": "",
                "name": "ipcfg-nic1",
                "primary": true,
                "private_ip_address": "10.0.2.4",
                "private_ip_address_allocation": "Dynamic",
                "private_ip_address_version": "IPv4",
                "public_ip_address_id": "",
                "subnet_id": "/subscriptions/60010cf8-654e-4420-a108-0c794944ed4f/resourceGroups/tfvmex-resources/providers/Microsoft.Network/virtualNetworks/tfvmex-network/subnets/internal"
              }
            ],
            "location": "eastus",
            "mac_address": "7C-1E-52-7D-5C-6E",
            "name": "nic1",
            "private_ip_address": "10.0.2.4",
            "private_ip_addresses": [
              "10.0.2.4"
            ],
            "resource_group_name": "tfvmex-resources",
            "tags": {},
            "timeouts": null,
            "virtual_machine_id": "/subscriptions/60010cf8-654e-4420-a108-0c794944ed4f/resourceGroups/tfvmex-resources/providers/Microsoft.Compute/virtualMachines/tfvmex-vm-1"
          },
          "sensitive_attributes": [],
          "identity_schema_version": 0,
          "private": "eyJlMmJmYjczMC1lY2FhLTExZTYtOGY4OC0zNDM2M2JjN2M0YzAiOnsiY3JlYXRlIjoxODAwMDAwMDAwMDAwLCJkZWxldGUiOjE4MDAwMDAwMDAwMDAsInJlYWQiOjMwMDAwMDAwMDAwMCwidXBkYXRlIjoxODAwMDAwMDAwMDAwfX0=",
          "dependencies": [
            "azurerm_resource_group.example",
            "azurerm_subnet.internal",
            "azurerm_virtual_network.main"
          ]
        },
        {
          "index_key": "nic2",
          "schema_version": 0,
          "attributes": {
            "applied_dns_servers": [],
            "auxiliary_mode": "",
            "auxiliary_sku": "",
            "dns_servers": [],
            "edge_zone": "",
            "enable_accelerated_networking": false,
            "enable_ip_forwarding": false,
            "id": "/subscriptions/60010cf8-654e-4420-a108-0c794944ed4f/resourceGroups/tfvmex-resources/providers/Microsoft.Network/networkInterfaces/nic2",
            "internal_dns_name_label": "",
            "internal_domain_name_suffix": "s4gxcgtavjpe3bjdvjtwvj22jh.bx.internal.cloudapp.net",
            "ip_configuration": [
              {
                "gateway_load_balancer_frontend_ip_configuration_id": "",
                "name": "ipcfg-nic2",
                "primary": true,
                "private_ip_address": "10.0.2.6",
                "private_ip_address_allocation": "Dynamic",
                "private_ip_address_version": "IPv4",
                "public_ip_address_id": "",
                "subnet_id": "/subscriptions/60010cf8-654e-4420-a108-0c794944ed4f/resourceGroups/tfvmex-resources/providers/Microsoft.Network/virtualNetworks/tfvmex-network/subnets/internal"
              }
            ],
            "location": "eastus",
            "mac_address": "7C-1E-52-7D-37-A2",
            "name": "nic2",
            "private_ip_address": "10.0.2.6",
            "private_ip_addresses": [
              "10.0.2.6"
            ],
            "resource_group_name": "tfvmex-resources",
            "tags": {},
            "timeouts": null,
            "virtual_machine_id": "/subscriptions/60010cf8-654e-4420-a108-0c794944ed4f/resourceGroups/tfvmex-resources/providers/Microsoft.Compute/virtualMachines/tfvmex-vm-2"
          },
          "sensitive_attributes": [],
          "identity_schema_version": 0,
          "private": "eyJlMmJmYjczMC1lY2FhLTExZTYtOGY4OC0zNDM2M2JjN2M0YzAiOnsiY3JlYXRlIjoxODAwMDAwMDAwMDAwLCJkZWxldGUiOjE4MDAwMDAwMDAwMDAsInJlYWQiOjMwMDAwMDAwMDAwMCwidXBkYXRlIjoxODAwMDAwMDAwMDAwfX0=",
          "dependencies": [
            "azurerm_resource_group.example",
            "azurerm_subnet.internal",
            "azurerm_virtual_network.main"
          ]
        }
      ]
    },
    {
      "mode": "managed",
      "type": "azurerm_network_security_group",
      "name": "nsg",
      "provider": "provider[\"registry.terraform.io/hashicorp/azurerm\"]",
      "instances": [
        {
          "schema_version": 0,
          "attributes": {
            "id": "/subscriptions/60010cf8-654e-4420-a108-0c794944ed4f/resourceGroups/tfvmex-resources/providers/Microsoft.Network/networkSecurityGroups/tfvmex-nsg",
            "location": "eastus",
            "name": "tfvmex-nsg",
            "resource_group_name": "tfvmex-resources",
            "security_rule": [
              {
                "access": "Allow",
                "description": "",
                "destination_address_prefix": "*",
                "destination_address_prefixes": [],
                "destination_application_security_group_ids": [],
                "destination_port_range": "22",
                "destination_port_ranges": [],
                "direction": "Inbound",
                "name": "AllowSSH",
                "priority": 100,
                "protocol": "Tcp",
                "source_address_prefix": "*",
                "source_address_prefixes": [],
                "source_application_security_group_ids": [],
                "source_port_range": "*",
                "source_port_ranges": []
              },
              {
                "access": "Allow",
                "description": "",
                "destination_address_prefix": "*",
                "destination_address_prefixes": [],
                "destination_application_security_group_ids": [],
                "destination_port_range": "80",
                "destination_port_ranges": [],
                "direction": "Inbound",
                "name": "AllowHTTP",
                "priority": 101,
                "protocol": "Tcp",
                "source_address_prefix": "*",
                "source_address_prefixes": [],
                "source_application_security_group_ids": [],
                "source_port_range": "*",
                "source_port_ranges": []
              }
            ],
            "tags": null,
            "timeouts": null
          },
          "sensitive_attributes": [],
          "identity_schema_version": 0,
          "private": "eyJlMmJmYjczMC1lY2FhLTExZTYtOGY4OC0zNDM2M2JjN2M0YzAiOnsiY3JlYXRlIjoxODAwMDAwMDAwMDAwLCJkZWxldGUiOjE4MDAwMDAwMDAwMDAsInJlYWQiOjMwMDAwMDAwMDAwMCwidXBkYXRlIjoxODAwMDAwMDAwMDAwfX0=",
          "dependencies": [
            "azurerm_resource_group.example"
          ]
        }
      ]
    },
    {
      "mode": "managed",
      "type": "azurerm_resource_group",
      "name": "example",
      "provider": "provider[\"registry.terraform.io/hashicorp/azurerm\"]",
      "instances": [
        {
          "schema_version": 0,
          "attributes": {
            "id": "/subscriptions/60010cf8-654e-4420-a108-0c794944ed4f/resourceGroups/tfvmex-resources",
            "location": "eastus",
            "managed_by": "",
            "name": "tfvmex-resources",
            "tags": {},
            "timeouts": null
          },
          "sensitive_attributes": [],
          "identity_schema_version": 0,
          "private": "eyJlMmJmYjczMC1lY2FhLTExZTYtOGY4OC0zNDM2M2JjN2M0YzAiOnsiY3JlYXRlIjo1NDAwMDAwMDAwMDAwLCJkZWxldGUiOjU0MDAwMDAwMDAwMDAsInJlYWQiOjMwMDAwMDAwMDAwMCwidXBkYXRlIjo1NDAwMDAwMDAwMDAwfX0="
        }
      ]
    },
    {
      "mode": "managed",
      "type": "azurerm_subnet",
      "name": "internal",
      "provider": "provider[\"registry.terraform.io/hashicorp/azurerm\"]",
      "instances": [
        {
          "schema_version": 0,
          "attributes": {
            "address_prefixes": [
              "10.0.2.0/24"
            ],
            "delegation": [],
            "enforce_private_link_endpoint_network_policies": false,
            "enforce_private_link_service_network_policies": false,
            "id": "/subscriptions/60010cf8-654e-4420-a108-0c794944ed4f/resourceGroups/tfvmex-resources/providers/Microsoft.Network/virtualNetworks/tfvmex-network/subnets/internal",
            "name": "internal",
            "private_endpoint_network_policies": "Enabled",
            "private_endpoint_network_policies_enabled": true,
            "private_link_service_network_policies_enabled": true,
            "resource_group_name": "tfvmex-resources",
            "service_endpoint_policy_ids": [],
            "service_endpoints": [],
            "timeouts": null,
            "virtual_network_name": "tfvmex-network"
          },
          "sensitive_attributes": [],
          "identity_schema_version": 0,
          "private": "eyJlMmJmYjczMC1lY2FhLTExZTYtOGY4OC0zNDM2M2JjN2M0YzAiOnsiY3JlYXRlIjoxODAwMDAwMDAwMDAwLCJkZWxldGUiOjE4MDAwMDAwMDAwMDAsInJlYWQiOjMwMDAwMDAwMDAwMCwidXBkYXRlIjoxODAwMDAwMDAwMDAwfX0=",
          "dependencies": [
            "azurerm_resource_group.example",
            "azurerm_virtual_network.main"
          ]
        }
      ]
    },
    {
      "mode": "managed",
      "type": "azurerm_virtual_machine",
      "name": "main",
      "provider": "provider[\"registry.terraform.io/hashicorp/azurerm\"]",
      "instances": [
        {
          "index_key": 0,
          "schema_version": 0,
          "attributes": {
            "additional_capabilities": [],
            "availability_set_id": null,
            "boot_diagnostics": [],
            "delete_data_disks_on_termination": false,
            "delete_os_disk_on_termination": false,
            "id": "/subscriptions/60010cf8-654e-4420-a108-0c794944ed4f/resourceGroups/tfvmex-resources/providers/Microsoft.Compute/virtualMachines/tfvmex-vm-0",
            "identity": [],
            "license_type": null,
            "location": "eastus",
            "name": "tfvmex-vm-0",
            "network_interface_ids": [
              "/subscriptions/60010cf8-654e-4420-a108-0c794944ed4f/resourceGroups/tfvmex-resources/providers/Microsoft.Network/networkInterfaces/nic0"
            ],
            "os_profile": [
              {
                "admin_password": "",
                "admin_username": "testadmin",
                "computer_name": "hostname",
                "custom_data": ""
              }
            ],
            "os_profile_linux_config": [
              {
                "disable_password_authentication": false,
                "ssh_keys": []
              }
            ],
            "os_profile_secrets": [],
            "os_profile_windows_config": [],
            "plan": [],
            "primary_network_interface_id": null,
            "proximity_placement_group_id": null,
            "resource_group_name": "tfvmex-resources",
            "storage_data_disk": [],
            "storage_image_reference": [
              {
                "id": "",
                "offer": "0001-com-ubuntu-server-jammy",
                "publisher": "Canonical",
                "sku": "22_04-lts",
                "version": "latest"
              }
            ],
            "storage_os_disk": [
              {
                "caching": "ReadWrite",
                "create_option": "FromImage",
                "disk_size_gb": 30,
                "image_uri": "",
                "managed_disk_id": "/subscriptions/60010cf8-654e-4420-a108-0c794944ed4f/resourceGroups/tfvmex-resources/providers/Microsoft.Compute/disks/myosdisk-0",
                "managed_disk_type": "Standard_LRS",
                "name": "myosdisk-0",
                "os_type": "Linux",
                "vhd_uri": "",
                "write_accelerator_enabled": false
              }
            ],
            "tags": {
              "environment": "staging"
            },
            "timeouts": null,
            "vm_size": "Standard_B1s",
            "zones": []
          },
          "sensitive_attributes": [
            [
              {
                "type": "get_attr",
                "value": "os_profile"
              }
            ]
          ],
          "identity_schema_version": 0,
          "private": "eyJlMmJmYjczMC1lY2FhLTExZTYtOGY4OC0zNDM2M2JjN2M0YzAiOnsiY3JlYXRlIjozNjAwMDAwMDAwMDAwLCJkZWxldGUiOjM2MDAwMDAwMDAwMDAsInJlYWQiOjMwMDAwMDAwMDAwMCwidXBkYXRlIjozNjAwMDAwMDAwMDAwfX0=",
          "dependencies": [
            "azurerm_network_interface.main",
            "azurerm_resource_group.example",
            "azurerm_subnet.internal",
            "azurerm_virtual_network.main"
          ]
        },
        {
          "index_key": 1,
          "schema_version": 0,
          "attributes": {
            "additional_capabilities": [],
            "availability_set_id": null,
            "boot_diagnostics": [],
            "delete_data_disks_on_termination": false,
            "delete_os_disk_on_termination": false,
            "id": "/subscriptions/60010cf8-654e-4420-a108-0c794944ed4f/resourceGroups/tfvmex-resources/providers/Microsoft.Compute/virtualMachines/tfvmex-vm-1",
            "identity": [],
            "license_type": null,
            "location": "eastus",
            "name": "tfvmex-vm-1",
            "network_interface_ids": [
              "/subscriptions/60010cf8-654e-4420-a108-0c794944ed4f/resourceGroups/tfvmex-resources/providers/Microsoft.Network/networkInterfaces/nic1"
            ],
            "os_profile": [
              {
                "admin_password": "",
                "admin_username": "testadmin",
                "computer_name": "hostname",
                "custom_data": ""
              }
            ],
            "os_profile_linux_config": [
              {
                "disable_password_authentication": false,
                "ssh_keys": []
              }
            ],
            "os_profile_secrets": [],
            "os_profile_windows_config": [],
            "plan": [],
            "primary_network_interface_id": null,
            "proximity_placement_group_id": null,
            "resource_group_name": "tfvmex-resources",
            "storage_data_disk": [],
            "storage_image_reference": [
              {
                "id": "",
                "offer": "0001-com-ubuntu-server-jammy",
                "publisher": "Canonical",
                "sku": "22_04-lts",
                "version": "latest"
              }
            ],
            "storage_os_disk": [
              {
                "caching": "ReadWrite",
                "create_option": "FromImage",
                "disk_size_gb": 30,
                "image_uri": "",
                "managed_disk_id": "/subscriptions/60010cf8-654e-4420-a108-0c794944ed4f/resourceGroups/tfvmex-resources/providers/Microsoft.Compute/disks/myosdisk-1",
                "managed_disk_type": "Standard_LRS",
                "name": "myosdisk-1",
                "os_type": "Linux",
                "vhd_uri": "",
                "write_accelerator_enabled": false
              }
            ],
            "tags": {
              "environment": "staging"
            },
            "timeouts": null,
            "vm_size": "Standard_B1s",
            "zones": []
          },
          "sensitive_attributes": [
            [
              {
                "type": "get_attr",
                "value": "os_profile"
              }
            ]
          ],
          "identity_schema_version": 0,
          "private": "eyJlMmJmYjczMC1lY2FhLTExZTYtOGY4OC0zNDM2M2JjN2M0YzAiOnsiY3JlYXRlIjozNjAwMDAwMDAwMDAwLCJkZWxldGUiOjM2MDAwMDAwMDAwMDAsInJlYWQiOjMwMDAwMDAwMDAwMCwidXBkYXRlIjozNjAwMDAwMDAwMDAwfX0=",
          "dependencies": [
            "azurerm_network_interface.main",
            "azurerm_resource_group.example",
            "azurerm_subnet.internal",
            "azurerm_virtual_network.main"
          ]
        },
        {
          "index_key": 2,
          "schema_version": 0,
          "attributes": {
            "additional_capabilities": [],
            "availability_set_id": null,
            "boot_diagnostics": [],
            "delete_data_disks_on_termination": false,
            "delete_os_disk_on_termination": false,
            "id": "/subscriptions/60010cf8-654e-4420-a108-0c794944ed4f/resourceGroups/tfvmex-resources/providers/Microsoft.Compute/virtualMachines/tfvmex-vm-2",
            "identity": [],
            "license_type": null,
            "location": "eastus",
            "name": "tfvmex-vm-2",
            "network_interface_ids": [
              "/subscriptions/60010cf8-654e-4420-a108-0c794944ed4f/resourceGroups/tfvmex-resources/providers/Microsoft.Network/networkInterfaces/nic2"
            ],
            "os_profile": [
              {
                "admin_password": "",
                "admin_username": "testadmin",
                "computer_name": "hostname",
                "custom_data": ""
              }
            ],
            "os_profile_linux_config": [
              {
                "disable_password_authentication": false,
                "ssh_keys": []
              }
            ],
            "os_profile_secrets": [],
            "os_profile_windows_config": [],
            "plan": [],
            "primary_network_interface_id": null,
            "proximity_placement_group_id": null,
            "resource_group_name": "tfvmex-resources",
            "storage_data_disk": [],
            "storage_image_reference": [
              {
                "id": "",
                "offer": "0001-com-ubuntu-server-jammy",
                "publisher": "Canonical",
                "sku": "22_04-lts",
                "version": "latest"
              }
            ],
            "storage_os_disk": [
              {
                "caching": "ReadWrite",
                "create_option": "FromImage",
                "disk_size_gb": 30,
                "image_uri": "",
                "managed_disk_id": "/subscriptions/60010cf8-654e-4420-a108-0c794944ed4f/resourceGroups/tfvmex-resources/providers/Microsoft.Compute/disks/myosdisk-2",
                "managed_disk_type": "Standard_LRS",
                "name": "myosdisk-2",
                "os_type": "Linux",
                "vhd_uri": "",
                "write_accelerator_enabled": false
              }
            ],
            "tags": {
              "environment": "staging"
            },
            "timeouts": null,
            "vm_size": "Standard_B1s",
            "zones": []
          },
          "sensitive_attributes": [
            [
              {
                "type": "get_attr",
                "value": "os_profile"
              }
            ]
          ],
          "identity_schema_version": 0,
          "private": "eyJlMmJmYjczMC1lY2FhLTExZTYtOGY4OC0zNDM2M2JjN2M0YzAiOnsiY3JlYXRlIjozNjAwMDAwMDAwMDAwLCJkZWxldGUiOjM2MDAwMDAwMDAwMDAsInJlYWQiOjMwMDAwMDAwMDAwMCwidXBkYXRlIjozNjAwMDAwMDAwMDAwfX0=",
          "dependencies": [
            "azurerm_network_interface.main",
            "azurerm_resource_group.example",
            "azurerm_subnet.internal",
            "azurerm_virtual_network.main"
          ]
        }
      ]
    },
    {
      "mode": "managed",
      "type": "azurerm_virtual_network",
      "name": "main",
      "provider": "provider[\"registry.terraform.io/hashicorp/azurerm\"]",
      "instances": [
        {
          "schema_version": 0,
          "attributes": {
            "address_space": [
              "10.0.0.0/16"
            ],
            "bgp_community": "",
            "ddos_protection_plan": [],
            "dns_servers": [],
            "edge_zone": "",
            "encryption": [],
            "flow_timeout_in_minutes": 0,
            "guid": "1a718d97-aa60-4e5e-8523-aa676aa79c4f",
            "id": "/subscriptions/60010cf8-654e-4420-a108-0c794944ed4f/resourceGroups/tfvmex-resources/providers/Microsoft.Network/virtualNetworks/tfvmex-network",
            "location": "eastus",
            "name": "tfvmex-network",
            "resource_group_name": "tfvmex-resources",
            "subnet": [
              {
                "address_prefix": "10.0.2.0/24",
                "id": "/subscriptions/60010cf8-654e-4420-a108-0c794944ed4f/resourceGroups/tfvmex-resources/providers/Microsoft.Network/virtualNetworks/tfvmex-network/subnets/internal",
                "name": "internal",
                "security_group": ""
              }
            ],
            "tags": {},
            "timeouts": null
          },
          "sensitive_attributes": [],
          "identity_schema_version": 0,
          "private": "eyJlMmJmYjczMC1lY2FhLTExZTYtOGY4OC0zNDM2M2JjN2M0YzAiOnsiY3JlYXRlIjoxODAwMDAwMDAwMDAwLCJkZWxldGUiOjE4MDAwMDAwMDAwMDAsInJlYWQiOjMwMDAwMDAwMDAwMCwidXBkYXRlIjoxODAwMDAwMDAwMDAwfX0=",
          "dependencies": [
            "azurerm_resource_group.example"
          ]
        }
      ]
    }
  ],
  "check_results": null
}
